
Microsoft Visual Studio Solution File, Format Version 12.00
# Visual Studio Version 17
VisualStudioVersion = 17.5.33627.172
MinimumVisualStudioVersion = 10.0.40219.1
Project("{FAE04EC0-301F-11D3-BF4B-00C04F79EFBC}") = "4.1.1.1DataTypes", "4.1.1.1DataTypes\4.1.1.1DataTypes.csproj", "{97D0CBF6-F9DC-4D4C-8E37-8CACF43B05A6}"
EndProject
Global
	GlobalSection(SolutionConfigurationPlatforms) = preSolution
		Debug|Any CPU = Debug|Any CPU
		Release|Any CPU = Release|Any CPU
	EndGlobalSection
	GlobalSection(ProjectConfigurationPlatforms) = postSolution
		{97D0CBF6-F9DC-4D4C-8E37-8CACF43B05A6}.Debug|Any CPU.ActiveCfg = Debug|Any CPU
		{97D0CBF6-F9DC-4D4C-8E37-8CACF43B05A6}.Debug|Any CPU.Build.0 = Debug|Any CPU
		{97D0CBF6-F9DC-4D4C-8E37-8CACF43B05A6}.Release|Any CPU.ActiveCfg = Release|Any CPU
		{97D0CBF6-F9DC-4D4C-8E37-8CACF43B05A6}.Release|Any CPU.Build.0 = Release|Any CPU
	EndGlobalSection
	GlobalSection(SolutionProperties) = preSolution
		HideSolutionNode = FALSE
	EndGlobalSection
	GlobalSection(ExtensibilityGlobals) = postSolution
		SolutionGuid = {FC6DFBC3-6B64-46BB-B7F1-01F89FF95774}
	EndGlobalSection
EndGlobal
